
Microsoft Visual Studio Solution File, Format Version 12.00
# Visual Studio 14
VisualStudioVersion = 14.0.25123.0
MinimumVisualStudioVersion = 10.0.40219.1
Project("{FAE04EC0-301F-11D3-BF4B-00C04F79EFBC}") = "UnitTestingExample", "UnitTestingExample\UnitTestingExample.csproj", "{E706935E-C2E3-4FAC-96E1-8FE96CCD2EC6}"
EndProject
Project("{FAE04EC0-301F-11D3-BF4B-00C04F79EFBC}") = "UnitTestingExample.Tests", "UnitTestingExample.Tests\UnitTestingExample.Tests.csproj", "{3D3D0880-F610-430B-9930-5A497BEA5FC1}"
EndProject
Project("{FAE04EC0-301F-11D3-BF4B-00C04F79EFBC}") = "UnitTestingExample.App", "UnitTestingExample.App\UnitTestingExample.App.csproj", "{50EB570A-5E7F-4293-AB3E-5568B0F74F5D}"
EndProject
Global
	GlobalSection(SolutionConfigurationPlatforms) = preSolution
		Debug|Any CPU = Debug|Any CPU
		Release|Any CPU = Release|Any CPU
	EndGlobalSection
	GlobalSection(ProjectConfigurationPlatforms) = postSolution
		{E706935E-C2E3-4FAC-96E1-8FE96CCD2EC6}.Debug|Any CPU.ActiveCfg = Debug|Any CPU
		{E706935E-C2E3-4FAC-96E1-8FE96CCD2EC6}.Debug|Any CPU.Build.0 = Debug|Any CPU
		{E706935E-C2E3-4FAC-96E1-8FE96CCD2EC6}.Release|Any CPU.ActiveCfg = Release|Any CPU
		{E706935E-C2E3-4FAC-96E1-8FE96CCD2EC6}.Release|Any CPU.Build.0 = Release|Any CPU
		{3D3D0880-F610-430B-9930-5A497BEA5FC1}.Debug|Any CPU.ActiveCfg = Debug|Any CPU
		{3D3D0880-F610-430B-9930-5A497BEA5FC1}.Debug|Any CPU.Build.0 = Debug|Any CPU
		{3D3D0880-F610-430B-9930-5A497BEA5FC1}.Release|Any CPU.ActiveCfg = Release|Any CPU
		{3D3D0880-F610-430B-9930-5A497BEA5FC1}.Release|Any CPU.Build.0 = Release|Any CPU
		{50EB570A-5E7F-4293-AB3E-5568B0F74F5D}.Debug|Any CPU.ActiveCfg = Debug|Any CPU
		{50EB570A-5E7F-4293-AB3E-5568B0F74F5D}.Debug|Any CPU.Build.0 = Debug|Any CPU
		{50EB570A-5E7F-4293-AB3E-5568B0F74F5D}.Release|Any CPU.ActiveCfg = Release|Any CPU
		{50EB570A-5E7F-4293-AB3E-5568B0F74F5D}.Release|Any CPU.Build.0 = Release|Any CPU
	EndGlobalSection
	GlobalSection(SolutionProperties) = preSolution
		HideSolutionNode = FALSE
	EndGlobalSection
EndGlobal
